// !$*UTF8*$!
{
	archiveVersion = 1;
	classes = {
	};
	objectVersion = 60;
	objects = {

/* Begin PBXBuildFile section */
		0AADE526030DE58A9033C180 /* AdManager.swift in Sources */ = {isa = PBXBuildFile; fileRef = 8710866625A8D399C3B12F33 /* AdManager.swift */; };
		92ACADA80622C4148936850B /* AppDelegate.swift in Sources */ = {isa = PBXBuildFile; fileRef = 147F954D11F77F59C48F9A0F /* AppDelegate.swift */; };
		C7BF03180A5D096B5804091E /* AdPresenter.swift in Sources */ = {isa = PBXBuildFile; fileRef = 8CCF90A1CCBCAF4A70F978C1 /* AdPresenter.swift */; };
		CFE586EE2070CB65F3F7324D /* Pods_FlashingNumbersV1.framework in Frameworks */ = {isa = PBXBuildFile; fileRef = 55045E4246FD108DA3270A1C /* Pods_FlashingNumbersV1.framework */; };
		E16974172C9A693400A1CD8B /* ContentView.swift in Sources */ = {isa = PBXBuildFile; fileRef = E16974162C9A693400A1CD8B /* ContentView.swift */; };
		E16974192C9A693500A1CD8B /* Assets.xcassets in Resources */ = {isa = PBXBuildFile; fileRef = E16974182C9A693500A1CD8B /* Assets.xcassets */; };
		E169741C2C9A693500A1CD8B /* Preview Assets.xcassets in Resources */ = {isa = PBXBuildFile; fileRef = E169741B2C9A693500A1CD8B /* Preview Assets.xcassets */; };
		E1EC55CC2DC18A6C005B1060 /* FlashingNumbersV1App.swift in Sources */ = {isa = PBXBuildFile; fileRef = E1EC55CB2DC18A6C005B1060 /* FlashingNumbersV1App.swift */; };
		E1EC55D12DCC58D6005B1060 /* GoogleMobileAds.xcframework in Frameworks */ = {isa = PBXBuildFile; fileRef = E1EC55CF2DCC57DB005B1060 /* GoogleMobileAds.xcframework */; };
		E1EC55D22DCC58D6005B1060 /* GoogleMobileAds.xcframework in Embed Frameworks */ = {isa = PBXBuildFile; fileRef = E1EC55CF2DCC57DB005B1060 /* GoogleMobileAds.xcframework */; settings = {ATTRIBUTES = (CodeSignOnCopy, RemoveHeadersOnCopy, ); }; };
/* End PBXBuildFile section */

/* Begin PBXCopyFilesBuildPhase section */
		E1EC55D32DCC58D6005B1060 /* Embed Frameworks */ = {
			isa = PBXCopyFilesBuildPhase;
			buildActionMask = 2147483647;
			dstPath = "";
			dstSubfolderSpec = 10;
			files = (
				E1EC55D22DCC58D6005B1060 /* GoogleMobileAds.xcframework in Embed Frameworks */,
			);
			name = "Embed Frameworks";
			runOnlyForDeploymentPostprocessing = 0;
		};
/* End PBXCopyFilesBuildPhase section */

/* Begin PBXFileReference section */
		147F954D11F77F59C48F9A0F /* AppDelegate.swift */ = {isa = PBXFileReference; lastKnownFileType = sourcecode.swift; path = AppDelegate.swift; sourceTree = "<group>"; };
		55045E4246FD108DA3270A1C /* Pods_FlashingNumbersV1.framework */ = {isa = PBXFileReference; explicitFileType = wrapper.framework; includeInIndex = 0; path = Pods_FlashingNumbersV1.framework; sourceTree = BUILT_PRODUCTS_DIR; };
		6AE893E41C2E2EB7313B2953 /* Pods-FlashingNumbersV1.release.xcconfig */ = {isa = PBXFileReference; includeInIndex = 1; lastKnownFileType = text.xcconfig; name = "Pods-FlashingNumbersV1.release.xcconfig"; path = "Target Support Files/Pods-FlashingNumbersV1/Pods-FlashingNumbersV1.release.xcconfig"; sourceTree = "<group>"; };
		8710866625A8D399C3B12F33 /* AdManager.swift */ = {isa = PBXFileReference; lastKnownFileType = sourcecode.swift; path = AdManager.swift; sourceTree = "<group>"; };
		8CCF90A1CCBCAF4A70F978C1 /* AdPresenter.swift */ = {isa = PBXFileReference; lastKnownFileType = sourcecode.swift; path = AdPresenter.swift; sourceTree = "<group>"; };
		A41C49C7F01713F9944FA2E3 /* Pods-FlashingNumbersV1.debug.xcconfig */ = {isa = PBXFileReference; includeInIndex = 1; lastKnownFileType = text.xcconfig; name = "Pods-FlashingNumbersV1.debug.xcconfig"; path = "Target Support Files/Pods-FlashingNumbersV1/Pods-FlashingNumbersV1.debug.xcconfig"; sourceTree = "<group>"; };
		E16974112C9A693400A1CD8B /* FlashingNumbersV1.app */ = {isa = PBXFileReference; explicitFileType = wrapper.application; includeInIndex = 0; path = FlashingNumbersV1.app; sourceTree = BUILT_PRODUCTS_DIR; };
		E16974162C9A693400A1CD8B /* ContentView.swift */ = {isa = PBXFileReference; lastKnownFileType = sourcecode.swift; path = ContentView.swift; sourceTree = "<group>"; };
		E16974182C9A693500A1CD8B /* Assets.xcassets */ = {isa = PBXFileReference; lastKnownFileType = folder.assetcatalog; path = Assets.xcassets; sourceTree = "<group>"; };
		E169741B2C9A693500A1CD8B /* Preview Assets.xcassets */ = {isa = PBXFileReference; lastKnownFileType = folder.assetcatalog; path = "Preview Assets.xcassets"; sourceTree = "<group>"; };
		E1EC55CB2DC18A6C005B1060 /* FlashingNumbersV1App.swift */ = {isa = PBXFileReference; lastKnownFileType = sourcecode.swift; path = FlashingNumbersV1App.swift; sourceTree = "<group>"; };
		E1EC55CD2DC98816005B1060 /* FlashingNumbersV1.entitlements */ = {isa = PBXFileReference; lastKnownFileType = text.plist.entitlements; path = FlashingNumbersV1.entitlements; sourceTree = "<group>"; };
		E1EC55CE2DCC5357005B1060 /* Info.plist */ = {isa = PBXFileReference; lastKnownFileType = text.plist; path = Info.plist; sourceTree = "<group>"; };
		E1EC55CF2DCC57DB005B1060 /* GoogleMobileAds.xcframework */ = {isa = PBXFileReference; expectedSignature = "AppleDeveloperProgram:EQHXZ8M8AV:Google LLC"; lastKnownFileType = wrapper.xcframework; name = GoogleMobileAds.xcframework; path = "Pods/Google-Mobile-Ads-SDK/Frameworks/GoogleMobileAdsFramework/GoogleMobileAds.xcframework"; sourceTree = "<group>"; };
/* End PBXFileReference section */

/* Begin PBXFrameworksBuildPhase section */
		E169740E2C9A693400A1CD8B /* Frameworks */ = {
			isa = PBXFrameworksBuildPhase;
			buildActionMask = 2147483647;
			files = (
				CFE586EE2070CB65F3F7324D /* Pods_FlashingNumbersV1.framework in Frameworks */,
				E1EC55D12DCC58D6005B1060 /* GoogleMobileAds.xcframework in Frameworks */,
			);
			runOnlyForDeploymentPostprocessing = 0;
		};
/* End PBXFrameworksBuildPhase section */

/* Begin PBXGroup section */
		DA448E3D05E20A16DA4DA1F0 /* Frameworks */ = {
			isa = PBXGroup;
			children = (
				E1EC55CF2DCC57DB005B1060 /* GoogleMobileAds.xcframework */,
				55045E4246FD108DA3270A1C /* Pods_FlashingNumbersV1.framework */,
			);
			name = Frameworks;
			sourceTree = "<group>";
		};
		E16974082C9A693400A1CD8B = {
			isa = PBXGroup;
			children = (
				E16974132C9A693400A1CD8B /* FlashingNumbersV1 */,
				E16974122C9A693400A1CD8B /* Products */,
				F95BB99F4098518BF6C9F798 /* Pods */,
				DA448E3D05E20A16DA4DA1F0 /* Frameworks */,
			);
			sourceTree = "<group>";
		};
		E16974122C9A693400A1CD8B /* Products */ = {
			isa = PBXGroup;
			children = (
				E16974112C9A693400A1CD8B /* FlashingNumbersV1.app */,
			);
			name = Products;
			sourceTree = "<group>";
		};
		E16974132C9A693400A1CD8B /* FlashingNumbersV1 */ = {
			isa = PBXGroup;
			children = (
				E1EC55CE2DCC5357005B1060 /* Info.plist */,
				E1EC55CD2DC98816005B1060 /* FlashingNumbersV1.entitlements */,
				E16974162C9A693400A1CD8B /* ContentView.swift */,
				E1EC55CB2DC18A6C005B1060 /* FlashingNumbersV1App.swift */,
				147F954D11F77F59C48F9A0F /* AppDelegate.swift */,
				8710866625A8D399C3B12F33 /* AdManager.swift */,
				8CCF90A1CCBCAF4A70F978C1 /* AdPresenter.swift */,
				E16974182C9A693500A1CD8B /* Assets.xcassets */,
				E169741A2C9A693500A1CD8B /* Preview Content */,
			);
			path = FlashingNumbersV1;
			sourceTree = "<group>";
		};
		E169741A2C9A693500A1CD8B /* Preview Content */ = {
			isa = PBXGroup;
			children = (
				E169741B2C9A693500A1CD8B /* Preview Assets.xcassets */,
			);
			path = "Preview Content";
			sourceTree = "<group>";
		};
		F95BB99F4098518BF6C9F798 /* Pods */ = {
			isa = PBXGroup;
			children = (
				A41C49C7F01713F9944FA2E3 /* Pods-FlashingNumbersV1.debug.xcconfig */,
				6AE893E41C2E2EB7313B2953 /* Pods-FlashingNumbersV1.release.xcconfig */,
			);
			path = Pods;
			sourceTree = "<group>";
		};
/* End PBXGroup section */

/* Begin PBXNativeTarget section */
		E16974102C9A693400A1CD8B /* FlashingNumbersV1 */ = {
			isa = PBXNativeTarget;
			buildConfigurationList = E169741F2C9A693500A1CD8B /* Build configuration list for PBXNativeTarget "FlashingNumbersV1" */;
			buildPhases = (
				C58617E88ED9F84BBEEFEC6A /* [CP] Check Pods Manifest.lock */,
				E169740D2C9A693400A1CD8B /* Sources */,
				E169740E2C9A693400A1CD8B /* Frameworks */,
				E169740F2C9A693400A1CD8B /* Resources */,
				73CB72111B3D0407BAF39477 /* [CP] Copy Pods Resources */,
				E1EC55D32DCC58D6005B1060 /* Embed Frameworks */,
			);
			buildRules = (
			);
			dependencies = (
			);
			name = FlashingNumbersV1;
			productName = FlashingNumbersV1;
			productReference = E16974112C9A693400A1CD8B /* FlashingNumbersV1.app */;
			productType = "com.apple.product-type.application";
		};
/* End PBXNativeTarget section */

/* Begin PBXProject section */
		E16974092C9A693400A1CD8B /* Project object */ = {
			isa = PBXProject;
			attributes = {
				BuildIndependentTargetsInParallel = 1;
				LastSwiftUpdateCheck = 1540;
				LastUpgradeCheck = 1630;
				TargetAttributes = {
					E16974102C9A693400A1CD8B = {
						CreatedOnToolsVersion = 15.4;
					};
				};
			};
			buildConfigurationList = E169740C2C9A693400A1CD8B /* Build configuration list for PBXProject "FlashingNumbersV1" */;
			compatibilityVersion = "Xcode 14.0";
			developmentRegion = en;
			hasScannedForEncodings = 0;
			knownRegions = (
				en,
				Base,
			);
			mainGroup = E16974082C9A693400A1CD8B;
			productRefGroup = E16974122C9A693400A1CD8B /* Products */;
			projectDirPath = "";
			projectRoot = "";
			targets = (
				E16974102C9A693400A1CD8B /* FlashingNumbersV1 */,
			);
		};
/* End PBXProject section */

/* Begin PBXResourcesBuildPhase section */
		E169740F2C9A693400A1CD8B /* Resources */ = {
			isa = PBXResourcesBuildPhase;
			buildActionMask = 2147483647;
			files = (
				E169741C2C9A693500A1CD8B /* Preview Assets.xcassets in Resources */,
				E16974192C9A693500A1CD8B /* Assets.xcassets in Resources */,
			);
			runOnlyForDeploymentPostprocessing = 0;
		};
/* End PBXResourcesBuildPhase section */

/* Begin PBXShellScriptBuildPhase section */
		73CB72111B3D0407BAF39477 /* [CP] Copy Pods Resources */ = {
			isa = PBXShellScriptBuildPhase;
			buildActionMask = 2147483647;
			files = (
			);
			inputFileListPaths = (
				"${PODS_ROOT}/Target Support Files/Pods-FlashingNumbersV1/Pods-FlashingNumbersV1-resources-${CONFIGURATION}-input-files.xcfilelist",
			);
			name = "[CP] Copy Pods Resources";
			outputFileListPaths = (
				"${PODS_ROOT}/Target Support Files/Pods-FlashingNumbersV1/Pods-FlashingNumbersV1-resources-${CONFIGURATION}-output-files.xcfilelist",
			);
			runOnlyForDeploymentPostprocessing = 0;
			shellPath = /bin/sh;
			shellScript = "\"${PODS_ROOT}/Target Support Files/Pods-FlashingNumbersV1/Pods-FlashingNumbersV1-resources.sh\"\n";
			showEnvVarsInLog = 0;
		};
		C58617E88ED9F84BBEEFEC6A /* [CP] Check Pods Manifest.lock */ = {
			isa = PBXShellScriptBuildPhase;
			buildActionMask = 2147483647;
			files = (
			);
			inputFileListPaths = (
			);
			inputPaths = (
				"${PODS_PODFILE_DIR_PATH}/Podfile.lock",
				"${PODS_ROOT}/Manifest.lock",
			);
			name = "[CP] Check Pods Manifest.lock";
			outputFileListPaths = (
			);
			outputPaths = (
				"$(DERIVED_FILE_DIR)/Pods-FlashingNumbersV1-checkManifestLockResult.txt",
			);
			runOnlyForDeploymentPostprocessing = 0;
			shellPath = /bin/sh;
			shellScript = "diff \"${PODS_PODFILE_DIR_PATH}/Podfile.lock\" \"${PODS_ROOT}/Manifest.lock\" > /dev/null\nif [ $? != 0 ] ; then\n    # print error to STDERR\n    echo \"error: The sandbox is not in sync with the Podfile.lock. Run 'pod install' or update your CocoaPods installation.\" >&2\n    exit 1\nfi\n# This output is used by Xcode 'outputs' to avoid re-running this script phase.\necho \"SUCCESS\" > \"${SCRIPT_OUTPUT_FILE_0}\"\n";
			showEnvVarsInLog = 0;
		};
/* End PBXShellScriptBuildPhase section */

/* Begin PBXSourcesBuildPhase section */
		E169740D2C9A693400A1CD8B /* Sources */ = {
			isa = PBXSourcesBuildPhase;
			buildActionMask = 2147483647;
			files = (
				E16974172C9A693400A1CD8B /* ContentView.swift in Sources */,
				E1EC55CC2DC18A6C005B1060 /* FlashingNumbersV1App.swift in Sources */,
				92ACADA80622C4148936850B /* AppDelegate.swift in Sources */,
				0AADE526030DE58A9033C180 /* AdManager.swift in Sources */,
				C7BF03180A5D096B5804091E /* AdPresenter.swift in Sources */,
			);
			runOnlyForDeploymentPostprocessing = 0;
		};
/* End PBXSourcesBuildPhase section */

/* Begin XCBuildConfiguration section */
		E169741D2C9A693500A1CD8B /* Debug */ = {
			isa = XCBuildConfiguration;
			buildSettings = {
				ALWAYS_SEARCH_USER_PATHS = NO;
				ASSETCATALOG_COMPILER_GENERATE_SWIFT_ASSET_SYMBOL_EXTENSIONS = YES;
				CLANG_ANALYZER_NONNULL = YES;
				CLANG_ANALYZER_NUMBER_OBJECT_CONVERSION = YES_AGGRESSIVE;
				CLANG_CXX_LANGUAGE_STANDARD = "gnu++20";
				CLANG_ENABLE_MODULES = YES;
				CLANG_ENABLE_OBJC_ARC = YES;
				CLANG_ENABLE_OBJC_WEAK = YES;
				CLANG_WARN_BLOCK_CAPTURE_AUTORELEASING = YES;
				CLANG_WARN_BOOL_CONVERSION = YES;
				CLANG_WARN_COMMA = YES;
				CLANG_WARN_CONSTANT_CONVERSION = YES;
				CLANG_WARN_DEPRECATED_OBJC_IMPLEMENTATIONS = YES;
				CLANG_WARN_DIRECT_OBJC_ISA_USAGE = YES_ERROR;
				CLANG_WARN_DOCUMENTATION_COMMENTS = YES;
				CLANG_WARN_EMPTY_BODY = YES;
				CLANG_WARN_ENUM_CONVERSION = YES;
				CLANG_WARN_INFINITE_RECURSION = YES;
				CLANG_WARN_INT_CONVERSION = YES;
				CLANG_WARN_NON_LITERAL_NULL_CONVERSION = YES;
				CLANG_WARN_OBJC_IMPLICIT_RETAIN_SELF = YES;
				CLANG_WARN_OBJC_LITERAL_CONVERSION = YES;
				CLANG_WARN_OBJC_ROOT_CLASS = YES_ERROR;
				CLANG_WARN_QUOTED_INCLUDE_IN_FRAMEWORK_HEADER = YES;
				CLANG_WARN_RANGE_LOOP_ANALYSIS = YES;
				CLANG_WARN_STRICT_PROTOTYPES = YES;
				CLANG_WARN_SUSPICIOUS_MOVE = YES;
				CLANG_WARN_UNGUARDED_AVAILABILITY = YES_AGGRESSIVE;
				CLANG_WARN_UNREACHABLE_CODE = YES;
				CLANG_WARN__DUPLICATE_METHOD_MATCH = YES;
				COPY_PHASE_STRIP = NO;
				DEBUG_INFORMATION_FORMAT = dwarf;
				DEVELOPMENT_TEAM = 78MZ33WP9X;
				ENABLE_STRICT_OBJC_MSGSEND = YES;
				ENABLE_TESTABILITY = YES;
				ENABLE_USER_SCRIPT_SANDBOXING = YES;
				GCC_C_LANGUAGE_STANDARD = gnu17;
				GCC_DYNAMIC_NO_PIC = NO;
				GCC_NO_COMMON_BLOCKS = YES;
				GCC_OPTIMIZATION_LEVEL = 0;
				GCC_PREPROCESSOR_DEFINITIONS = (
					"DEBUG=1",
					"$(inherited)",
				);
				GCC_WARN_64_TO_32_BIT_CONVERSION = YES;
				GCC_WARN_ABOUT_RETURN_TYPE = YES_ERROR;
				GCC_WARN_UNDECLARED_SELECTOR = YES;
				GCC_WARN_UNINITIALIZED_AUTOS = YES_AGGRESSIVE;
				GCC_WARN_UNUSED_FUNCTION = YES;
				GCC_WARN_UNUSED_VARIABLE = YES;
				IPHONEOS_DEPLOYMENT_TARGET = 17.5;
				LOCALIZATION_PREFERS_STRING_CATALOGS = YES;
				MTL_ENABLE_DEBUG_INFO = INCLUDE_SOURCE;
				MTL_FAST_MATH = YES;
				ONLY_ACTIVE_ARCH = YES;
				SDKROOT = iphoneos;
				SWIFT_ACTIVE_COMPILATION_CONDITIONS = "DEBUG $(inherited)";
				SWIFT_OPTIMIZATION_LEVEL = "-Onone";
			};
			name = Debug;
		};
		E169741E2C9A693500A1CD8B /* Release */ = {
			isa = XCBuildConfiguration;
			buildSettings = {
				ALWAYS_SEARCH_USER_PATHS = NO;
				ASSETCATALOG_COMPILER_GENERATE_SWIFT_ASSET_SYMBOL_EXTENSIONS = YES;
				CLANG_ANALYZER_NONNULL = YES;
				CLANG_ANALYZER_NUMBER_OBJECT_CONVERSION = YES_AGGRESSIVE;
				CLANG_CXX_LANGUAGE_STANDARD = "gnu++20";
				CLANG_ENABLE_MODULES = YES;
				CLANG_ENABLE_OBJC_ARC = YES;
				CLANG_ENABLE_OBJC_WEAK = YES;
				CLANG_WARN_BLOCK_CAPTURE_AUTORELEASING = YES;
				CLANG_WARN_BOOL_CONVERSION = YES;
				CLANG_WARN_COMMA = YES;
				CLANG_WARN_CONSTANT_CONVERSION = YES;
				CLANG_WARN_DEPRECATED_OBJC_IMPLEMENTATIONS = YES;
				CLANG_WARN_DIRECT_OBJC_ISA_USAGE = YES_ERROR;
				CLANG_WARN_DOCUMENTATION_COMMENTS = YES;
				CLANG_WARN_EMPTY_BODY = YES;
				CLANG_WARN_ENUM_CONVERSION = YES;
				CLANG_WARN_INFINITE_RECURSION = YES;
				CLANG_WARN_INT_CONVERSION = YES;
				CLANG_WARN_NON_LITERAL_NULL_CONVERSION = YES;
				CLANG_WARN_OBJC_IMPLICIT_RETAIN_SELF = YES;
				CLANG_WARN_OBJC_LITERAL_CONVERSION = YES;
				CLANG_WARN_OBJC_ROOT_CLASS = YES_ERROR;
				CLANG_WARN_QUOTED_INCLUDE_IN_FRAMEWORK_HEADER = YES;
				CLANG_WARN_RANGE_LOOP_ANALYSIS = YES;
				CLANG_WARN_STRICT_PROTOTYPES = YES;
				CLANG_WARN_SUSPICIOUS_MOVE = YES;
				CLANG_WARN_UNGUARDED_AVAILABILITY = YES_AGGRESSIVE;
				CLANG_WARN_UNREACHABLE_CODE = YES;
				CLANG_WARN__DUPLICATE_METHOD_MATCH = YES;
				COPY_PHASE_STRIP = NO;
				DEBUG_INFORMATION_FORMAT = "dwarf-with-dsym";
				DEVELOPMENT_TEAM = 78MZ33WP9X;
				ENABLE_NS_ASSERTIONS = NO;
				ENABLE_STRICT_OBJC_MSGSEND = YES;
				ENABLE_USER_SCRIPT_SANDBOXING = YES;
				GCC_C_LANGUAGE_STANDARD = gnu17;
				GCC_NO_COMMON_BLOCKS = YES;
				GCC_WARN_64_TO_32_BIT_CONVERSION = YES;
				GCC_WARN_ABOUT_RETURN_TYPE = YES_ERROR;
				GCC_WARN_UNDECLARED_SELECTOR = YES;
				GCC_WARN_UNINITIALIZED_AUTOS = YES_AGGRESSIVE;
				GCC_WARN_UNUSED_FUNCTION = YES;
				GCC_WARN_UNUSED_VARIABLE = YES;
				IPHONEOS_DEPLOYMENT_TARGET = 17.5;
				LOCALIZATION_PREFERS_STRING_CATALOGS = YES;
				MTL_ENABLE_DEBUG_INFO = NO;
				MTL_FAST_MATH = YES;
				SDKROOT = iphoneos;
				SWIFT_COMPILATION_MODE = wholemodule;
				VALIDATE_PRODUCT = YES;
			};
			name = Release;
		};
		E16974202C9A693500A1CD8B /* Debug */ = {
			isa = XCBuildConfiguration;
			baseConfigurationReference = A41C49C7F01713F9944FA2E3 /* Pods-FlashingNumbersV1.debug.xcconfig */;
			buildSettings = {
				ASSETCATALOG_COMPILER_APPICON_NAME = AppIcon;
				ASSETCATALOG_COMPILER_GLOBAL_ACCENT_COLOR_NAME = AccentColor;
				ASSETCATALOG_COMPILER_INCLUDE_ALL_APPICON_ASSETS = YES;
				CODE_SIGN_ENTITLEMENTS = FlashingNumbersV1/FlashingNumbersV1.entitlements;
				CODE_SIGN_STYLE = Automatic;
				CURRENT_PROJECT_VERSION = 2;
				DEVELOPMENT_ASSET_PATHS = "\"FlashingNumbersV1/Preview Content\"";
				ENABLE_PREVIEWS = YES;
				GENERATE_INFOPLIST_FILE = YES;
				INFOPLIST_FILE = FlashingNumbersV1/Info.plist;
				INFOPLIST_KEY_UIApplicationSceneManifest_Generation = YES;
				INFOPLIST_KEY_UIApplicationSupportsIndirectInputEvents = YES;
				INFOPLIST_KEY_UILaunchScreen_Generation = YES;
				INFOPLIST_KEY_UISupportedInterfaceOrientations_iPad = "UIInterfaceOrientationPortrait UIInterfaceOrientationPortraitUpsideDown UIInterfaceOrientationLandscapeLeft UIInterfaceOrientationLandscapeRight";
				INFOPLIST_KEY_UISupportedInterfaceOrientations_iPhone = "UIInterfaceOrientationPortrait UIInterfaceOrientationLandscapeLeft UIInterfaceOrientationLandscapeRight";
				LD_RUNPATH_SEARCH_PATHS = (
					"$(inherited)",
					"@executable_path/Frameworks",
				);
				MARKETING_VERSION = 1.0.1;
				NEW_SETTING = "";
				NEW_SETTING1 = "";
				PRODUCT_BUNDLE_IDENTIFIER = COM.AshutoshBhardwaj.FlashingNumbersV1;
				PRODUCT_NAME = "$(TARGET_NAME)";
				SWIFT_EMIT_LOC_STRINGS = YES;
				SWIFT_VERSION = 5.0;
				TARGETED_DEVICE_FAMILY = "1,2";
			};
			name = Debug;
		};
		E16974212C9A693500A1CD8B /* Release */ = {
			isa = XCBuildConfiguration;
			baseConfigurationReference = 6AE893E41C2E2EB7313B2953 /* Pods-FlashingNumbersV1.release.xcconfig */;
			buildSettings = {
				ASSETCATALOG_COMPILER_APPICON_NAME = AppIcon;
				ASSETCATALOG_COMPILER_GLOBAL_ACCENT_COLOR_NAME = AccentColor;
				ASSETCATALOG_COMPILER_INCLUDE_ALL_APPICON_ASSETS = YES;
				CODE_SIGN_ENTITLEMENTS = FlashingNumbersV1/FlashingNumbersV1.entitlements;
				CODE_SIGN_STYLE = Automatic;
				CURRENT_PROJECT_VERSION = 2;
				DEVELOPMENT_ASSET_PATHS = "\"FlashingNumbersV1/Preview Content\"";
				ENABLE_PREVIEWS = YES;
				GENERATE_INFOPLIST_FILE = YES;
				INFOPLIST_FILE = FlashingNumbersV1/Info.plist;
				INFOPLIST_KEY_UIApplicationSceneManifest_Generation = YES;
				INFOPLIST_KEY_UIApplicationSupportsIndirectInputEvents = YES;
				INFOPLIST_KEY_UILaunchScreen_Generation = YES;
				INFOPLIST_KEY_UISupportedInterfaceOrientations_iPad = "UIInterfaceOrientationPortrait UIInterfaceOrientationPortraitUpsideDown UIInterfaceOrientationLandscapeLeft UIInterfaceOrientationLandscapeRight";
				INFOPLIST_KEY_UISupportedInterfaceOrientations_iPhone = "UIInterfaceOrientationPortrait UIInterfaceOrientationLandscapeLeft UIInterfaceOrientationLandscapeRight";
				LD_RUNPATH_SEARCH_PATHS = (
					"$(inherited)",
					"@executable_path/Frameworks",
				);
				MARKETING_VERSION = 1.0.1;
				NEW_SETTING = "";
				NEW_SETTING1 = "";
				PRODUCT_BUNDLE_IDENTIFIER = COM.AshutoshBhardwaj.FlashingNumbersV1;
				PRODUCT_NAME = "$(TARGET_NAME)";
				SWIFT_EMIT_LOC_STRINGS = YES;
				SWIFT_VERSION = 5.0;
				TARGETED_DEVICE_FAMILY = "1,2";
			};
			name = Release;
		};
/* End XCBuildConfiguration section */

/* Begin XCConfigurationList section */
		E169740C2C9A693400A1CD8B /* Build configuration list for PBXProject "FlashingNumbersV1" */ = {
			isa = XCConfigurationList;
			buildConfigurations = (
				E169741D2C9A693500A1CD8B /* Debug */,
				E169741E2C9A693500A1CD8B /* Release */,
			);
			defaultConfigurationIsVisible = 0;
			defaultConfigurationName = Release;
		};
		E169741F2C9A693500A1CD8B /* Build configuration list for PBXNativeTarget "FlashingNumbersV1" */ = {
			isa = XCConfigurationList;
			buildConfigurations = (
				E16974202C9A693500A1CD8B /* Debug */,
				E16974212C9A693500A1CD8B /* Release */,
			);
			defaultConfigurationIsVisible = 0;
			defaultConfigurationName = Release;
		};
/* End XCConfigurationList section */
	};
	rootObject = E16974092C9A693400A1CD8B /* Project object */;
}
